
Microsoft Visual Studio Solution File, Format Version 12.00
# Visual Studio 2013
VisualStudioVersion = 12.0.21005.1
MinimumVisualStudioVersion = 10.0.40219.1
Project("{FAE04EC0-301F-11D3-BF4B-00C04F79EFBC}") = "MortgageCalculator", "MortgageCalculator.csproj", "{E7E45CAF-A5F9-49EA-BF75-0D7A5D4B270B}"
EndProject
Project("{FAE04EC0-301F-11D3-BF4B-00C04F79EFBC}") = "MortgageCalculator.Tests", "MortgageCalculator.Tests\MortgageCalculator.Tests.csproj", "{0C4885F8-2134-49C1-A891-50D2E9DFAEA3}"
EndProject
Global
	GlobalSection(SolutionConfigurationPlatforms) = preSolution
		Debug|Any CPU = Debug|Any CPU
		Release|Any CPU = Release|Any CPU
	EndGlobalSection
	GlobalSection(ProjectConfigurationPlatforms) = postSolution
		{E7E45CAF-A5F9-49EA-BF75-0D7A5D4B270B}.Debug|Any CPU.ActiveCfg = Debug|Any CPU
		{E7E45CAF-A5F9-49EA-BF75-0D7A5D4B270B}.Debug|Any CPU.Build.0 = Debug|Any CPU
		{E7E45CAF-A5F9-49EA-BF75-0D7A5D4B270B}.Release|Any CPU.ActiveCfg = Release|Any CPU
		{E7E45CAF-A5F9-49EA-BF75-0D7A5D4B270B}.Release|Any CPU.Build.0 = Release|Any CPU
		{0C4885F8-2134-49C1-A891-50D2E9DFAEA3}.Debug|Any CPU.ActiveCfg = Debug|Any CPU
		{0C4885F8-2134-49C1-A891-50D2E9DFAEA3}.Debug|Any CPU.Build.0 = Debug|Any CPU
		{0C4885F8-2134-49C1-A891-50D2E9DFAEA3}.Release|Any CPU.ActiveCfg = Release|Any CPU
		{0C4885F8-2134-49C1-A891-50D2E9DFAEA3}.Release|Any CPU.Build.0 = Release|Any CPU
	EndGlobalSection
	GlobalSection(SolutionProperties) = preSolution
		HideSolutionNode = FALSE
	EndGlobalSection
EndGlobal
